
Microsoft Visual Studio Solution File, Format Version 12.00
# Visual Studio Version 16
VisualStudioVersion = 16.0.29709.97
MinimumVisualStudioVersion = 10.0.40219.1
Project("{2150E333-8FDC-42A3-9474-1A3956D46DE8}") = "Back-End", "Back-End", "{E484E466-2F8F-4F23-A8C3-F3CF961279F6}"
EndProject
Project("{2150E333-8FDC-42A3-9474-1A3956D46DE8}") = "Front-End", "Front-End", "{FBA7AE17-C93A-49CA-869D-2AD45BC472D7}"
EndProject
Project("{2150E333-8FDC-42A3-9474-1A3956D46DE8}") = "Layer 1", "Layer 1", "{43CE31D7-3012-4A49-BF72-F8C9CC9587C3}"
EndProject
Project("{2150E333-8FDC-42A3-9474-1A3956D46DE8}") = "Layer 2", "Layer 2", "{F62709EC-27B2-40DA-A4AD-08BE9FF95447}"
EndProject
Project("{2150E333-8FDC-42A3-9474-1A3956D46DE8}") = "Common", "Common", "{D4B9C07C-AC05-446B-9115-B9C6A35E40D0}"
EndProject
Project("{2150E333-8FDC-42A3-9474-1A3956D46DE8}") = "Layer 3.1", "Layer 3.1", "{8D147E6B-32FA-4EEA-8A84-019B98E609A1}"
EndProject
Project("{2150E333-8FDC-42A3-9474-1A3956D46DE8}") = "Layer 3.2", "Layer 3.2", "{6BCF5271-60E7-4532-9E6F-EEA5797E1EF5}"
EndProject
Project("{2150E333-8FDC-42A3-9474-1A3956D46DE8}") = "Layer 4", "Layer 4", "{BB4BFEEC-447A-426B-994C-7038B6BF5B2B}"
EndProject
Project("{2150E333-8FDC-42A3-9474-1A3956D46DE8}") = "Models", "Models", "{D2D21F50-A4EA-45BF-9251-8A59B0E9F0D0}"
EndProject
Project("{2150E333-8FDC-42A3-9474-1A3956D46DE8}") = "DI and IoC", "DI and IoC", "{EC4BF117-E5DD-4701-9B28-90645737520F}"
EndProject
Project("{2150E333-8FDC-42A3-9474-1A3956D46DE8}") = "Data Access Components", "Data Access Components", "{70E2FD90-2D37-4CF1-A50F-2A828C3819E3}"
EndProject
Project("{2150E333-8FDC-42A3-9474-1A3956D46DE8}") = "ORM", "ORM", "{76895EAD-9EA4-4B94-975A-C23B0D20A8B4}"
EndProject
Project("{2150E333-8FDC-42A3-9474-1A3956D46DE8}") = "ORM Interfaces", "ORM Interfaces", "{220BB1BA-0985-41DE-86ED-4D79DF6E1023}"
EndProject
Project("{2150E333-8FDC-42A3-9474-1A3956D46DE8}") = "ORM Implementations", "ORM Implementations", "{804C82C8-9B29-41EE-BCBE-F45C5260BBF0}"
EndProject
Project("{2150E333-8FDC-42A3-9474-1A3956D46DE8}") = "Data Access", "Data Access", "{460CF2B6-05D2-4F0A-BD0C-23BC45FCE7D7}"
EndProject
Project("{2150E333-8FDC-42A3-9474-1A3956D46DE8}") = "Data Access Interfaces", "Data Access Interfaces", "{ADA64370-061D-4122-A0D7-37C450E17528}"
EndProject
Project("{2150E333-8FDC-42A3-9474-1A3956D46DE8}") = "Data Access Implementations", "Data Access Implementations", "{1C411D2E-EC6C-4CAB-A6B2-6479819E34BA}"
EndProject
Project("{2150E333-8FDC-42A3-9474-1A3956D46DE8}") = "Business", "Business", "{5805CEE4-908C-4B73-9FDD-4EC7CD6EF49A}"
EndProject
Project("{2150E333-8FDC-42A3-9474-1A3956D46DE8}") = "Validations", "Validations", "{B2712952-97DC-4AF4-8E17-5A1A68F7EBB9}"
EndProject
Project("{2150E333-8FDC-42A3-9474-1A3956D46DE8}") = "Interfaces", "Interfaces", "{0FC3513F-D1E2-4593-9DF5-7B0B10E9A5C9}"
EndProject
Project("{2150E333-8FDC-42A3-9474-1A3956D46DE8}") = "Implementations", "Implementations", "{6B2D2455-FB7B-427E-A6B3-FE91B4392EA6}"
EndProject
Project("{2150E333-8FDC-42A3-9474-1A3956D46DE8}") = "Business Components", "Business Components", "{C7F300BF-15F6-44DC-A20C-DB35C0327DA7}"
EndProject
Project("{2150E333-8FDC-42A3-9474-1A3956D46DE8}") = "Interfaces", "Interfaces", "{9ED39518-4300-4E2F-8DD2-AC63245143A6}"
EndProject
Project("{2150E333-8FDC-42A3-9474-1A3956D46DE8}") = "Implementations", "Implementations", "{0C6ECEF7-D7FC-48C3-85DD-EDED751BA6A5}"
EndProject
Project("{2150E333-8FDC-42A3-9474-1A3956D46DE8}") = "Controllers", "Controllers", "{3EB398DB-FFF6-4C4E-B6EC-4FD76689D723}"
EndProject
Project("{2150E333-8FDC-42A3-9474-1A3956D46DE8}") = "Interfaces", "Interfaces", "{1D7B5D91-3E8E-487A-95F8-6ADC0A7BE9C2}"
EndProject
Project("{2150E333-8FDC-42A3-9474-1A3956D46DE8}") = "Implementations", "Implementations", "{C9924FCA-1DAD-4EAD-BD2D-ACCB4CCC437C}"
EndProject
Project("{2150E333-8FDC-42A3-9474-1A3956D46DE8}") = "Hosting", "Hosting", "{9413CD4E-0D48-44F5-AB57-9901978900B9}"
EndProject
Project("{2150E333-8FDC-42A3-9474-1A3956D46DE8}") = "API Hosting", "API Hosting", "{A3A83B59-E630-4BC8-9C77-82E5D1C02CE3}"
EndProject
Project("{2150E333-8FDC-42A3-9474-1A3956D46DE8}") = "Presentation", "Presentation", "{F5A623A2-2C91-4EC5-8690-52AAC36B4913}"
EndProject
Project("{9A19103F-16F7-4668-BE54-9A1E7A4F7556}") = "SG.Libraries.Models", "SG.Libraries.Models\SG.Libraries.Models.csproj", "{6BBB1A52-DD08-4D84-9CAF-09D4DC888B01}"
EndProject
Project("{9A19103F-16F7-4668-BE54-9A1E7A4F7556}") = "SG.Libraries.ORM.Interfaces", "SG.Libraries.ORM.Interfaces\SG.Libraries.ORM.Interfaces.csproj", "{DB85FEA0-7CB0-46D5-9DE5-24440A37532D}"
EndProject
Project("{9A19103F-16F7-4668-BE54-9A1E7A4F7556}") = "SG.Libraries.ORM.Impl", "SG.Libraries.ORM.Impl\SG.Libraries.ORM.Impl.csproj", "{ED40B3DD-A78D-4066-BE03-EDA8A0C597C8}"
EndProject
Project("{9A19103F-16F7-4668-BE54-9A1E7A4F7556}") = "SG.Libraries.DataAccess.Interfaces", "SG.Libraries.DataAccess.Interfaces\SG.Libraries.DataAccess.Interfaces.csproj", "{9ECDA14D-0ADF-451D-BD37-AE3FEB89E1E9}"
EndProject
Project("{9A19103F-16F7-4668-BE54-9A1E7A4F7556}") = "SG.Libraries.DataAccess.Impl", "SG.Libraries.DataAccess.Impl\SG.Libraries.DataAccess.Impl.csproj", "{4F695C62-1CB1-4151-819C-C8E230EFCBF3}"
EndProject
Project("{9A19103F-16F7-4668-BE54-9A1E7A4F7556}") = "SG.Libraries.Business.Validations.Interfaces", "SG.Libraries.Business.Validations.Interfaces\SG.Libraries.Business.Validations.Interfaces.csproj", "{07C2B686-A018-4428-986A-DBA1C849E806}"
EndProject
Project("{9A19103F-16F7-4668-BE54-9A1E7A4F7556}") = "SG.Libraries.Business.Validations.Impl", "SG.Libraries.Business.Validations.Impl\SG.Libraries.Business.Validations.Impl.csproj", "{3AC88350-45D8-492C-8708-3CEC8FF75F2F}"
EndProject
Project("{9A19103F-16F7-4668-BE54-9A1E7A4F7556}") = "SG.Libraries.Business.Interfaces", "SG.Libraries.Business.Interfaces\SG.Libraries.Business.Interfaces.csproj", "{443D1C40-491C-4DDB-98DF-84064CA231AD}"
EndProject
Project("{9A19103F-16F7-4668-BE54-9A1E7A4F7556}") = "SG.Libraries.Business.Impl", "SG.Libraries.Business.Impl\SG.Libraries.Business.Impl.csproj", "{2B7C5200-0D0D-40E6-B8D7-8558BB332D30}"
EndProject
Project("{9A19103F-16F7-4668-BE54-9A1E7A4F7556}") = "SG.Libraries.API.Controllers.Interfaces", "SG.Libraries.API.Controllers.Interfaces\SG.Libraries.API.Controllers.Interfaces.csproj", "{16766B06-FAF8-46B1-A122-87CD79FFADC7}"
EndProject
Project("{9A19103F-16F7-4668-BE54-9A1E7A4F7556}") = "SG.Libraries.API.Controllers.Impl", "SG.Libraries.API.Controllers.Impl\SG.Libraries.API.Controllers.Impl.csproj", "{3265BBE0-50E3-443B-AE11-90119FB63612}"
EndProject
Project("{9A19103F-16F7-4668-BE54-9A1E7A4F7556}") = "SGCRMAPIServices", "SGCRMAPIServices\SGCRMAPIServices.csproj", "{2B866576-1103-496F-9BBC-EA9AB594AE98}"
EndProject
Project("{2150E333-8FDC-42A3-9474-1A3956D46DE8}") = "Tests", "Tests", "{ED4A5619-42C3-42B5-B2F3-C65965A64BC9}"
EndProject
Project("{9A19103F-16F7-4668-BE54-9A1E7A4F7556}") = "SGCRMAPIServices.Tests", "SGCRMAPIServices.Tests\SGCRMAPIServices.Tests.csproj", "{85931998-83C7-41F4-A99C-214A7F86CFB1}"
EndProject
Project("{2150E333-8FDC-42A3-9474-1A3956D46DE8}") = "Solution Items", "Solution Items", "{148F5DC2-7AFE-40C5-BB7C-A0AAF858D63F}"
	ProjectSection(SolutionItems) = preProject
		Dockerfile = Dockerfile
	EndProjectSection
EndProject
Global
	GlobalSection(SolutionConfigurationPlatforms) = preSolution
		Debug|Any CPU = Debug|Any CPU
		Release|Any CPU = Release|Any CPU
	EndGlobalSection
	GlobalSection(ProjectConfigurationPlatforms) = postSolution
		{6BBB1A52-DD08-4D84-9CAF-09D4DC888B01}.Debug|Any CPU.ActiveCfg = Debug|Any CPU
		{6BBB1A52-DD08-4D84-9CAF-09D4DC888B01}.Debug|Any CPU.Build.0 = Debug|Any CPU
		{6BBB1A52-DD08-4D84-9CAF-09D4DC888B01}.Release|Any CPU.ActiveCfg = Release|Any CPU
		{6BBB1A52-DD08-4D84-9CAF-09D4DC888B01}.Release|Any CPU.Build.0 = Release|Any CPU
		{DB85FEA0-7CB0-46D5-9DE5-24440A37532D}.Debug|Any CPU.ActiveCfg = Debug|Any CPU
		{DB85FEA0-7CB0-46D5-9DE5-24440A37532D}.Debug|Any CPU.Build.0 = Debug|Any CPU
		{DB85FEA0-7CB0-46D5-9DE5-24440A37532D}.Release|Any CPU.ActiveCfg = Release|Any CPU
		{DB85FEA0-7CB0-46D5-9DE5-24440A37532D}.Release|Any CPU.Build.0 = Release|Any CPU
		{ED40B3DD-A78D-4066-BE03-EDA8A0C597C8}.Debug|Any CPU.ActiveCfg = Debug|Any CPU
		{ED40B3DD-A78D-4066-BE03-EDA8A0C597C8}.Debug|Any CPU.Build.0 = Debug|Any CPU
		{ED40B3DD-A78D-4066-BE03-EDA8A0C597C8}.Release|Any CPU.ActiveCfg = Release|Any CPU
		{ED40B3DD-A78D-4066-BE03-EDA8A0C597C8}.Release|Any CPU.Build.0 = Release|Any CPU
		{9ECDA14D-0ADF-451D-BD37-AE3FEB89E1E9}.Debug|Any CPU.ActiveCfg = Debug|Any CPU
		{9ECDA14D-0ADF-451D-BD37-AE3FEB89E1E9}.Debug|Any CPU.Build.0 = Debug|Any CPU
		{9ECDA14D-0ADF-451D-BD37-AE3FEB89E1E9}.Release|Any CPU.ActiveCfg = Release|Any CPU
		{9ECDA14D-0ADF-451D-BD37-AE3FEB89E1E9}.Release|Any CPU.Build.0 = Release|Any CPU
		{4F695C62-1CB1-4151-819C-C8E230EFCBF3}.Debug|Any CPU.ActiveCfg = Debug|Any CPU
		{4F695C62-1CB1-4151-819C-C8E230EFCBF3}.Debug|Any CPU.Build.0 = Debug|Any CPU
		{4F695C62-1CB1-4151-819C-C8E230EFCBF3}.Release|Any CPU.ActiveCfg = Release|Any CPU
		{4F695C62-1CB1-4151-819C-C8E230EFCBF3}.Release|Any CPU.Build.0 = Release|Any CPU
		{07C2B686-A018-4428-986A-DBA1C849E806}.Debug|Any CPU.ActiveCfg = Debug|Any CPU
		{07C2B686-A018-4428-986A-DBA1C849E806}.Debug|Any CPU.Build.0 = Debug|Any CPU
		{07C2B686-A018-4428-986A-DBA1C849E806}.Release|Any CPU.ActiveCfg = Release|Any CPU
		{07C2B686-A018-4428-986A-DBA1C849E806}.Release|Any CPU.Build.0 = Release|Any CPU
		{3AC88350-45D8-492C-8708-3CEC8FF75F2F}.Debug|Any CPU.ActiveCfg = Debug|Any CPU
		{3AC88350-45D8-492C-8708-3CEC8FF75F2F}.Debug|Any CPU.Build.0 = Debug|Any CPU
		{3AC88350-45D8-492C-8708-3CEC8FF75F2F}.Release|Any CPU.ActiveCfg = Release|Any CPU
		{3AC88350-45D8-492C-8708-3CEC8FF75F2F}.Release|Any CPU.Build.0 = Release|Any CPU
		{443D1C40-491C-4DDB-98DF-84064CA231AD}.Debug|Any CPU.ActiveCfg = Debug|Any CPU
		{443D1C40-491C-4DDB-98DF-84064CA231AD}.Debug|Any CPU.Build.0 = Debug|Any CPU
		{443D1C40-491C-4DDB-98DF-84064CA231AD}.Release|Any CPU.ActiveCfg = Release|Any CPU
		{443D1C40-491C-4DDB-98DF-84064CA231AD}.Release|Any CPU.Build.0 = Release|Any CPU
		{2B7C5200-0D0D-40E6-B8D7-8558BB332D30}.Debug|Any CPU.ActiveCfg = Debug|Any CPU
		{2B7C5200-0D0D-40E6-B8D7-8558BB332D30}.Debug|Any CPU.Build.0 = Debug|Any CPU
		{2B7C5200-0D0D-40E6-B8D7-8558BB332D30}.Release|Any CPU.ActiveCfg = Release|Any CPU
		{2B7C5200-0D0D-40E6-B8D7-8558BB332D30}.Release|Any CPU.Build.0 = Release|Any CPU
		{16766B06-FAF8-46B1-A122-87CD79FFADC7}.Debug|Any CPU.ActiveCfg = Debug|Any CPU
		{16766B06-FAF8-46B1-A122-87CD79FFADC7}.Debug|Any CPU.Build.0 = Debug|Any CPU
		{16766B06-FAF8-46B1-A122-87CD79FFADC7}.Release|Any CPU.ActiveCfg = Release|Any CPU
		{16766B06-FAF8-46B1-A122-87CD79FFADC7}.Release|Any CPU.Build.0 = Release|Any CPU
		{3265BBE0-50E3-443B-AE11-90119FB63612}.Debug|Any CPU.ActiveCfg = Debug|Any CPU
		{3265BBE0-50E3-443B-AE11-90119FB63612}.Debug|Any CPU.Build.0 = Debug|Any CPU
		{3265BBE0-50E3-443B-AE11-90119FB63612}.Release|Any CPU.ActiveCfg = Release|Any CPU
		{3265BBE0-50E3-443B-AE11-90119FB63612}.Release|Any CPU.Build.0 = Release|Any CPU
		{2B866576-1103-496F-9BBC-EA9AB594AE98}.Debug|Any CPU.ActiveCfg = Debug|Any CPU
		{2B866576-1103-496F-9BBC-EA9AB594AE98}.Debug|Any CPU.Build.0 = Debug|Any CPU
		{2B866576-1103-496F-9BBC-EA9AB594AE98}.Release|Any CPU.ActiveCfg = Release|Any CPU
		{2B866576-1103-496F-9BBC-EA9AB594AE98}.Release|Any CPU.Build.0 = Release|Any CPU
		{85931998-83C7-41F4-A99C-214A7F86CFB1}.Debug|Any CPU.ActiveCfg = Debug|Any CPU
		{85931998-83C7-41F4-A99C-214A7F86CFB1}.Debug|Any CPU.Build.0 = Debug|Any CPU
		{85931998-83C7-41F4-A99C-214A7F86CFB1}.Release|Any CPU.ActiveCfg = Release|Any CPU
		{85931998-83C7-41F4-A99C-214A7F86CFB1}.Release|Any CPU.Build.0 = Release|Any CPU
	EndGlobalSection
	GlobalSection(SolutionProperties) = preSolution
		HideSolutionNode = FALSE
	EndGlobalSection
	GlobalSection(NestedProjects) = preSolution
		{43CE31D7-3012-4A49-BF72-F8C9CC9587C3} = {E484E466-2F8F-4F23-A8C3-F3CF961279F6}
		{F62709EC-27B2-40DA-A4AD-08BE9FF95447} = {E484E466-2F8F-4F23-A8C3-F3CF961279F6}
		{8D147E6B-32FA-4EEA-8A84-019B98E609A1} = {E484E466-2F8F-4F23-A8C3-F3CF961279F6}
		{6BCF5271-60E7-4532-9E6F-EEA5797E1EF5} = {E484E466-2F8F-4F23-A8C3-F3CF961279F6}
		{BB4BFEEC-447A-426B-994C-7038B6BF5B2B} = {FBA7AE17-C93A-49CA-869D-2AD45BC472D7}
		{D2D21F50-A4EA-45BF-9251-8A59B0E9F0D0} = {D4B9C07C-AC05-446B-9115-B9C6A35E40D0}
		{EC4BF117-E5DD-4701-9B28-90645737520F} = {D4B9C07C-AC05-446B-9115-B9C6A35E40D0}
		{70E2FD90-2D37-4CF1-A50F-2A828C3819E3} = {43CE31D7-3012-4A49-BF72-F8C9CC9587C3}
		{76895EAD-9EA4-4B94-975A-C23B0D20A8B4} = {70E2FD90-2D37-4CF1-A50F-2A828C3819E3}
		{220BB1BA-0985-41DE-86ED-4D79DF6E1023} = {76895EAD-9EA4-4B94-975A-C23B0D20A8B4}
		{804C82C8-9B29-41EE-BCBE-F45C5260BBF0} = {76895EAD-9EA4-4B94-975A-C23B0D20A8B4}
		{460CF2B6-05D2-4F0A-BD0C-23BC45FCE7D7} = {70E2FD90-2D37-4CF1-A50F-2A828C3819E3}
		{ADA64370-061D-4122-A0D7-37C450E17528} = {460CF2B6-05D2-4F0A-BD0C-23BC45FCE7D7}
		{1C411D2E-EC6C-4CAB-A6B2-6479819E34BA} = {460CF2B6-05D2-4F0A-BD0C-23BC45FCE7D7}
		{5805CEE4-908C-4B73-9FDD-4EC7CD6EF49A} = {F62709EC-27B2-40DA-A4AD-08BE9FF95447}
		{B2712952-97DC-4AF4-8E17-5A1A68F7EBB9} = {5805CEE4-908C-4B73-9FDD-4EC7CD6EF49A}
		{0FC3513F-D1E2-4593-9DF5-7B0B10E9A5C9} = {B2712952-97DC-4AF4-8E17-5A1A68F7EBB9}
		{6B2D2455-FB7B-427E-A6B3-FE91B4392EA6} = {B2712952-97DC-4AF4-8E17-5A1A68F7EBB9}
		{C7F300BF-15F6-44DC-A20C-DB35C0327DA7} = {5805CEE4-908C-4B73-9FDD-4EC7CD6EF49A}
		{9ED39518-4300-4E2F-8DD2-AC63245143A6} = {C7F300BF-15F6-44DC-A20C-DB35C0327DA7}
		{0C6ECEF7-D7FC-48C3-85DD-EDED751BA6A5} = {C7F300BF-15F6-44DC-A20C-DB35C0327DA7}
		{3EB398DB-FFF6-4C4E-B6EC-4FD76689D723} = {8D147E6B-32FA-4EEA-8A84-019B98E609A1}
		{1D7B5D91-3E8E-487A-95F8-6ADC0A7BE9C2} = {3EB398DB-FFF6-4C4E-B6EC-4FD76689D723}
		{C9924FCA-1DAD-4EAD-BD2D-ACCB4CCC437C} = {3EB398DB-FFF6-4C4E-B6EC-4FD76689D723}
		{9413CD4E-0D48-44F5-AB57-9901978900B9} = {6BCF5271-60E7-4532-9E6F-EEA5797E1EF5}
		{A3A83B59-E630-4BC8-9C77-82E5D1C02CE3} = {9413CD4E-0D48-44F5-AB57-9901978900B9}
		{F5A623A2-2C91-4EC5-8690-52AAC36B4913} = {BB4BFEEC-447A-426B-994C-7038B6BF5B2B}
		{6BBB1A52-DD08-4D84-9CAF-09D4DC888B01} = {D2D21F50-A4EA-45BF-9251-8A59B0E9F0D0}
		{DB85FEA0-7CB0-46D5-9DE5-24440A37532D} = {220BB1BA-0985-41DE-86ED-4D79DF6E1023}
		{ED40B3DD-A78D-4066-BE03-EDA8A0C597C8} = {804C82C8-9B29-41EE-BCBE-F45C5260BBF0}
		{9ECDA14D-0ADF-451D-BD37-AE3FEB89E1E9} = {ADA64370-061D-4122-A0D7-37C450E17528}
		{4F695C62-1CB1-4151-819C-C8E230EFCBF3} = {1C411D2E-EC6C-4CAB-A6B2-6479819E34BA}
		{07C2B686-A018-4428-986A-DBA1C849E806} = {0FC3513F-D1E2-4593-9DF5-7B0B10E9A5C9}
		{3AC88350-45D8-492C-8708-3CEC8FF75F2F} = {6B2D2455-FB7B-427E-A6B3-FE91B4392EA6}
		{443D1C40-491C-4DDB-98DF-84064CA231AD} = {9ED39518-4300-4E2F-8DD2-AC63245143A6}
		{2B7C5200-0D0D-40E6-B8D7-8558BB332D30} = {0C6ECEF7-D7FC-48C3-85DD-EDED751BA6A5}
		{16766B06-FAF8-46B1-A122-87CD79FFADC7} = {1D7B5D91-3E8E-487A-95F8-6ADC0A7BE9C2}
		{3265BBE0-50E3-443B-AE11-90119FB63612} = {C9924FCA-1DAD-4EAD-BD2D-ACCB4CCC437C}
		{2B866576-1103-496F-9BBC-EA9AB594AE98} = {A3A83B59-E630-4BC8-9C77-82E5D1C02CE3}
		{ED4A5619-42C3-42B5-B2F3-C65965A64BC9} = {A3A83B59-E630-4BC8-9C77-82E5D1C02CE3}
		{85931998-83C7-41F4-A99C-214A7F86CFB1} = {ED4A5619-42C3-42B5-B2F3-C65965A64BC9}
	EndGlobalSection
	GlobalSection(ExtensibilityGlobals) = postSolution
		SolutionGuid = {6D7C4857-079E-4AD3-9826-7595239D83F1}
	EndGlobalSection
EndGlobal
